
Microsoft Visual Studio Solution File, Format Version 12.00
# Visual Studio Version 17
VisualStudioVersion = 17.10.35013.160
MinimumVisualStudioVersion = 10.0.40219.1
Project("{FAE04EC0-301F-11D3-BF4B-00C04F79EFBC}") = "MTGWebApp", "MTGWebApp.csproj", "{5DB0E476-E4BF-4C14-B0DE-A9499AA495A8}"
EndProject
Global
	GlobalSection(SolutionConfigurationPlatforms) = preSolution
		Debug|Any CPU = Debug|Any CPU
		Release|Any CPU = Release|Any CPU
	EndGlobalSection
	GlobalSection(ProjectConfigurationPlatforms) = postSolution
		{5DB0E476-E4BF-4C14-B0DE-A9499AA495A8}.Debug|Any CPU.ActiveCfg = Debug|Any CPU
		{5DB0E476-E4BF-4C14-B0DE-A9499AA495A8}.Debug|Any CPU.Build.0 = Debug|Any CPU
		{5DB0E476-E4BF-4C14-B0DE-A9499AA495A8}.Release|Any CPU.ActiveCfg = Release|Any CPU
		{5DB0E476-E4BF-4C14-B0DE-A9499AA495A8}.Release|Any CPU.Build.0 = Release|Any CPU
	EndGlobalSection
	GlobalSection(SolutionProperties) = preSolution
		HideSolutionNode = FALSE
	EndGlobalSection
	GlobalSection(ExtensibilityGlobals) = postSolution
		SolutionGuid = {EA275A9F-9E43-418A-9EE9-B7FECA7738F8}
	EndGlobalSection
EndGlobal
